
Microsoft Visual Studio Solution File, Format Version 12.00
# Visual Studio Version 16
VisualStudioVersion = 16.0.30011.22
MinimumVisualStudioVersion = 10.0.40219.1
Project("{FAE04EC0-301F-11D3-BF4B-00C04F79EFBC}") = "01_Padrao_MVC", "01_Padrao_MVC\01_Padrao_MVC.csproj", "{545B1DEB-A4B2-4D4E-AF49-B2D9D214255F}"
EndProject
Global
	GlobalSection(SolutionConfigurationPlatforms) = preSolution
		Debug|Any CPU = Debug|Any CPU
		Release|Any CPU = Release|Any CPU
	EndGlobalSection
	GlobalSection(ProjectConfigurationPlatforms) = postSolution
		{545B1DEB-A4B2-4D4E-AF49-B2D9D214255F}.Debug|Any CPU.ActiveCfg = Debug|Any CPU
		{545B1DEB-A4B2-4D4E-AF49-B2D9D214255F}.Debug|Any CPU.Build.0 = Debug|Any CPU
		{545B1DEB-A4B2-4D4E-AF49-B2D9D214255F}.Release|Any CPU.ActiveCfg = Release|Any CPU
		{545B1DEB-A4B2-4D4E-AF49-B2D9D214255F}.Release|Any CPU.Build.0 = Release|Any CPU
	EndGlobalSection
	GlobalSection(SolutionProperties) = preSolution
		HideSolutionNode = FALSE
	EndGlobalSection
	GlobalSection(ExtensibilityGlobals) = postSolution
		SolutionGuid = {DA5745D0-5738-4E84-8B1C-1528FDF43988}
	EndGlobalSection
EndGlobal
